{"version":4,"terraform_version":"1.11.3","serial":2,"lineage":"2252e3a3-1173-bbb0-205d-d5b354b9fa13","outputs":{},"resources":[{"mode":"managed","type":"proxmox_vm_qemu","name":"vm1","provider":"provider[\"registry.opentofu.org/telmate/proxmox\"]","instances":[{"schema_version":0,"attributes":{"additional_wait":5,"agent":0,"args":"","automatic_reboot":true,"balloon":0,"bios":"seabios","boot":"c","bootdisk":"scsi0","bridge":null,"ci_wait":null,"cicustom":"","cipassword":"","ciuser":"ubuntu","clone":"ubuntu-jammy-template","clone_wait":10,"cloudinit_cdrom_storage":null,"cores":2,"cpu":"host","default_ipv4_address":null,"define_connection_info":true,"desc":"","disk":[{"aio":"","backup":true,"cache":"none","discard":"","file":"vm-100-disk-0","format":"raw","iops":0,"iops_max":0,"iops_max_length":0,"iops_rd":0,"iops_rd_max":0,"iops_rd_max_length":0,"iops_wr":0,"iops_wr_max":0,"iops_wr_max_length":0,"iothread":0,"mbps":0,"mbps_rd":0,"mbps_rd_max":0,"mbps_wr":0,"mbps_wr_max":0,"media":"","replicate":0,"size":"20G","slot":0,"ssd":0,"storage":"local-lvm","storage_type":"lvmthin","type":"scsi","volume":"local-lvm:vm-100-disk-0"}],"disk_gb":null,"force_create":false,"force_recreate_on_change_of":null,"full_clone":true,"guest_agent_ready_timeout":100,"hagroup":"","hastate":"","hostpci":[],"hotplug":"network,disk,usb","id":"labinfo/qemu/100","ipconfig0":"ip=dhcp","ipconfig1":"","ipconfig10":"","ipconfig11":"","ipconfig12":"","ipconfig13":"","ipconfig14":"","ipconfig15":"","ipconfig2":"","ipconfig3":"","ipconfig4":"","ipconfig5":"","ipconfig6":"","ipconfig7":"","ipconfig8":"","ipconfig9":"","iso":null,"kvm":true,"mac":null,"machine":"","memory":2048,"name":"tofu-vm01","nameserver":"","network":[{"bridge":"vmbr0","firewall":false,"link_down":false,"macaddr":"FA:74:1F:43:59:7F","model":"virtio","mtu":0,"queues":0,"rate":0,"tag":-1}],"nic":null,"numa":false,"onboot":false,"oncreate":true,"os_network_config":null,"os_type":"cloud-init","pool":"","preprovision":true,"pxe":null,"qemu_os":"other","reboot_required":false,"scsihw":"virtio-scsi-pci","searchdomain":"","serial":[],"sockets":1,"ssh_forward_ip":null,"ssh_host":null,"ssh_port":null,"ssh_private_key":null,"ssh_user":null,"sshkeys":"ssh-rsa AAAAB3NzaC1yc2EAAAADAQABAAABAQD2pLhMqFGKffSdYvNCMAyM7598oBY+m/3q5AMXmb7IE6vq42+yGzqEUzZu9WrFckFD4Hq52rIU5DeOvi83DCF3uroXjNTEtCKdi+tY7cV18bHmsDsBHMqTnpuvroofgFWA0Pi++b2kGW2I5eyy1Qjv5rOp7y11Xe6XeZFEz7qQO1/xNiBMJEruG9Xldgooe4hkaOF39qnbqD4ui3LxYaTUTEulstw4wN70dSB8Zu9YQP7A7KU2zIEwJ1aw8whfO1CAM/AVvoDyqMtV8VXoaZSHOBgluMtinQfyyt473S2ZZeJlnmhK0F1gdOhO4SVZNRMj96m30ryYkYBFWvvLRP5N b300098957@ramena\n\n","startup":"","storage":null,"storage_type":null,"tablet":true,"tags":"","target_node":"labinfo","timeouts":null,"unused_disk":[],"usb":[],"vcpus":0,"vga":[],"vlan":-1,"vmid":null},"sensitive_attributes":[[{"type":"get_attr","value":"cipassword"}],[{"type":"get_attr","value":"ssh_private_key"}]],"private":"eyJlMmJmYjczMC1lY2FhLTExZTYtOGY4OC0zNDM2M2JjN2M0YzAiOnsiY3JlYXRlIjoxMjAwMDAwMDAwMDAwLCJkZWZhdWx0IjoxMjAwMDAwMDAwMDAwLCJkZWxldGUiOjEyMDAwMDAwMDAwMDAsInJlYWQiOjEyMDAwMDAwMDAwMDAsInVwZGF0ZSI6MTIwMDAwMDAwMDAwMH19"}]}],"check_results":null}
